{
  "version": 1,
  "dependencies": {
    "net10.0": {
      "Refit": {
        "type": "Direct",
        "requested": "[10.1.6, )",
        "resolved": "10.1.6",
        "contentHash": "j82mHFcXJpiJiaLqQgiikmLAu+oYKcIM8ZafipX2s2b2soOS0OGN+Oc+BXkhsG8x6j2M1J23Eac3068yOKLPFA=="
      }
    },
    "net10.0/linux-x64": {},
    "net10.0/win-x64": {}
  }
}