{
  "version": 1,
  "dependencies": {
    "net10.0": {
      "Refit": {
        "type": "Direct",
        "requested": "[10.0.1, )",
        "resolved": "10.0.1",
        "contentHash": "AprsDMXFRU2k+sXZYfiFLYueP7ovEvoGzC2ylAV9i6xh6rcGJOgLiZdugxnEpIrH6WNbiR8OnOrAr06/pZMQaQ=="
      }
    },
    "net10.0/linux-musl-x64": {},
    "net10.0/win-x64": {}
  }
}