{
  "version": 1,
  "dependencies": {
    "net10.0": {
      "Refit": {
        "type": "Direct",
        "requested": "[12.0.0, )",
        "resolved": "12.0.0",
        "contentHash": "eJWs1m24UYaDhZXSaWXMXywCvY2V79hpXFQ35p+MmX1heX6WYkGdU1tAsGdiMhKSvpsar/BHaAhKqQKG8MKYFg==",
        "dependencies": {
          "ReactiveUI.Primitives": "5.6.0"
        }
      },
      "ReactiveUI.Disposables": {
        "type": "Transitive",
        "resolved": "5.6.0",
        "contentHash": "yzIoFgb43KXXynWgUgS5FoJ6KG4XIAFFWksk05K53qb160wCIZOq+aHsJrMuePSDEm/MoFk1lBkN0TRWQ9MtBQ=="
      },
      "ReactiveUI.Primitives": {
        "type": "Transitive",
        "resolved": "5.6.0",
        "contentHash": "qnxP2/RH+PYhzMQBMKnFzci/GO3N+eeQe5bZczoVgSGdTFsMYCuUXCfElgHGFvnlbYfiKfdWD0UdrrwMqr8y8Q==",
        "dependencies": {
          "ReactiveUI.Disposables": "5.6.0",
          "ReactiveUI.Primitives.Core": "5.6.0"
        }
      },
      "ReactiveUI.Primitives.Core": {
        "type": "Transitive",
        "resolved": "5.6.0",
        "contentHash": "HrFby67lgpToIp4ZQEjsihyU073Fg6/jzgOHGgGV1BMYbQgHf7G/F3tQKss/4e5aJFsnom1mMhywpEax3TKKiw==",
        "dependencies": {
          "ReactiveUI.Disposables": "5.6.0"
        }
      }
    },
    "net10.0/linux-x64": {},
    "net10.0/win-x64": {}
  }
}